
Microsoft Visual Studio Solution File, Format Version 12.00
# Visual Studio Version 16
VisualStudioVersion = 16.0.31410.223
MinimumVisualStudioVersion = 10.0.40219.1
Project("{FAE04EC0-301F-11D3-BF4B-00C04F79EFBC}") = "SampleThemeSwitch", "SampleThemeSwitch.csproj", "{49142D79-8459-4C68-883F-6F761A631700}"
EndProject
Global
	GlobalSection(SolutionConfigurationPlatforms) = preSolution
		Debug|Any CPU = Debug|Any CPU
		Release|Any CPU = Release|Any CPU
	EndGlobalSection
	GlobalSection(ProjectConfigurationPlatforms) = postSolution
		{49142D79-8459-4C68-883F-6F761A631700}.Debug|Any CPU.ActiveCfg = Debug|Any CPU
		{49142D79-8459-4C68-883F-6F761A631700}.Debug|Any CPU.Build.0 = Debug|Any CPU
		{49142D79-8459-4C68-883F-6F761A631700}.Release|Any CPU.ActiveCfg = Release|Any CPU
		{49142D79-8459-4C68-883F-6F761A631700}.Release|Any CPU.Build.0 = Release|Any CPU
	EndGlobalSection
	GlobalSection(SolutionProperties) = preSolution
		HideSolutionNode = FALSE
	EndGlobalSection
	GlobalSection(ExtensibilityGlobals) = postSolution
		SolutionGuid = {78D82AF7-286E-4734-8C4A-EDD63F436ACA}
	EndGlobalSection
EndGlobal
